# THIS IS AN AUTOGENERATED FILE. DO NOT EDIT THIS FILE DIRECTLY.
# yarn lockfile v1


"@mongodb-js/saslprep@^1.1.0":
  version "1.1.7"
  resolved "https://registry.yarnpkg.com/@mongodb-js/saslprep/-/saslprep-1.1.7.tgz#d1700facfd6916c50c2c88fd6d48d363a56c702f"
  integrity sha512-dCHW/oEX0KJ4NjDULBo3JiOaK5+6axtpBbS+ao2ZInoAL9/YRQLhXzSNAFz7hP4nzLkIqsfYAK/PDE3+XHny0Q==
  dependencies:
    sparse-bitfield "^3.0.3"

"@nestjs/mongoose@^10.0.1":
  version "10.0.6"
  resolved "https://registry.yarnpkg.com/@nestjs/mongoose/-/mongoose-10.0.6.tgz#6081975eaa658a6097b63d139a82f58b2b35956c"
  integrity sha512-J8jFgSvCDEKMXU57QAIdXIlWQsOFWK+x0PM1KI/0zHe3/4JrAtFGTFD08hRX3IHk+WJT9g/XQIpMSNM7/10Jlg==

"@types/node@*":
  version "20.14.2"
  resolved "https://registry.yarnpkg.com/@types/node/-/node-20.14.2.tgz#a5f4d2bcb4b6a87bffcaa717718c5a0f208f4a18"
  integrity sha512-xyu6WAMVwv6AKFLB+e/7ySZVr/0zLCzOa7rSpq6jNwpqOrUbcACDWC+53d4n2QHOnDou0fbIsg8wZu/sxrnI4Q==
  dependencies:
    undici-types "~5.26.4"

"@types/webidl-conversions@*":
  version "7.0.3"
  resolved "https://registry.yarnpkg.com/@types/webidl-conversions/-/webidl-conversions-7.0.3.tgz#1306dbfa53768bcbcfc95a1c8cde367975581859"
  integrity sha512-CiJJvcRtIgzadHCYXw7dqEnMNRjhGZlYK05Mj9OyktqV8uVT8fD2BFOB7S1uwBE3Kj2Z+4UyPmFw/Ixgw/LAlA==

"@types/whatwg-url@^8.2.1":
  version "8.2.2"
  resolved "https://registry.yarnpkg.com/@types/whatwg-url/-/whatwg-url-8.2.2.tgz#749d5b3873e845897ada99be4448041d4cc39e63"
  integrity sha512-FtQu10RWgn3D9U4aazdwIE2yzphmTJREDqNdODHrbrZmmMqI0vMheC/6NE/J1Yveaj8H+ela+YwWTjq5PGmuhA==
  dependencies:
    "@types/node" "*"
    "@types/webidl-conversions" "*"

bson@^5.5.0:
  version "5.5.1"
  resolved "https://registry.yarnpkg.com/bson/-/bson-5.5.1.tgz#f5849d405711a7f23acdda9a442375df858e6833"
  integrity sha512-ix0EwukN2EpC0SRWIj/7B5+A6uQMQy6KMREI9qQqvgpkV2frH63T0UDVd1SYedL6dNCmDBYB3QtXi4ISk9YT+g==

bson@^6.1.0:
  version "6.7.0"
  resolved "https://registry.yarnpkg.com/bson/-/bson-6.7.0.tgz#51973b132cdc424c8372fda3cb43e3e3e2ae2227"
  integrity sha512-w2IquM5mYzYZv6rs3uN2DZTOBe2a0zXLj53TGDqwF4l6Sz/XsISrisXOJihArF9+BZ6Cq/GjVht7Sjfmri7ytQ==

debug@4.x:
  version "4.3.5"
  resolved "https://registry.yarnpkg.com/debug/-/debug-4.3.5.tgz#e83444eceb9fedd4a1da56d671ae2446a01a6e1e"
  integrity sha512-pt0bNEmneDIvdL1Xsd9oDQ/wrQRkXDT4AUWlNZNPKvW5x/jyO9VFXkJUP07vQ2upmw5PlaITaPKc31jK13V+jg==
  dependencies:
    ms "2.1.2"

ip-address@^9.0.5:
  version "9.0.5"
  resolved "https://registry.yarnpkg.com/ip-address/-/ip-address-9.0.5.tgz#117a960819b08780c3bd1f14ef3c1cc1d3f3ea5a"
  integrity sha512-zHtQzGojZXTwZTHQqra+ETKd4Sn3vgi7uBmlPoXVWZqYvuKmtI0l/VZTjqGmJY9x88GGOaZ9+G9ES8hC4T4X8g==
  dependencies:
    jsbn "1.1.0"
    sprintf-js "^1.1.3"

jsbn@1.1.0:
  version "1.1.0"
  resolved "https://registry.yarnpkg.com/jsbn/-/jsbn-1.1.0.tgz#b01307cb29b618a1ed26ec79e911f803c4da0040"
  integrity sha512-4bYVV3aAMtDTTu4+xsDYa6sy9GyJ69/amsu9sYF2zqjiEoZA5xJi3BrfX3uY+/IekIu7MwdObdbDWpoZdBv3/A==

kareem@2.5.1:
  version "2.5.1"
  resolved "https://registry.yarnpkg.com/kareem/-/kareem-2.5.1.tgz#7b8203e11819a8e77a34b3517d3ead206764d15d"
  integrity sha512-7jFxRVm+jD+rkq3kY0iZDJfsO2/t4BBPeEb2qKn2lR/9KhuksYk5hxzfRYWMPV8P/x2d0kHD306YyWLzjjH+uA==

memory-pager@^1.0.2:
  version "1.5.0"
  resolved "https://registry.yarnpkg.com/memory-pager/-/memory-pager-1.5.0.tgz#d8751655d22d384682741c972f2c3d6dfa3e66b5"
  integrity sha512-ZS4Bp4r/Zoeq6+NLJpP+0Zzm0pR8whtGPf1XExKLJBAczGMnSi3It14OiNCStjQjM6NU1okjQGSxgEZN8eBYKg==

mongodb-connection-string-url@^2.6.0:
  version "2.6.0"
  resolved "https://registry.yarnpkg.com/mongodb-connection-string-url/-/mongodb-connection-string-url-2.6.0.tgz#57901bf352372abdde812c81be47b75c6b2ec5cf"
  integrity sha512-WvTZlI9ab0QYtTYnuMLgobULWhokRjtC7db9LtcVfJ+Hsnyr5eo6ZtNAt3Ly24XZScGMelOcGtm7lSn0332tPQ==
  dependencies:
    "@types/whatwg-url" "^8.2.1"
    whatwg-url "^11.0.0"

mongodb@5.9.2:
  version "5.9.2"
  resolved "https://registry.yarnpkg.com/mongodb/-/mongodb-5.9.2.tgz#39a73b9fbc87ac9d9c1aaf8aab5c5bb69e2b913e"
  integrity sha512-H60HecKO4Bc+7dhOv4sJlgvenK4fQNqqUIlXxZYQNbfEWSALGAwGoyJd/0Qwk4TttFXUOHJ2ZJQe/52ScaUwtQ==
  dependencies:
    bson "^5.5.0"
    mongodb-connection-string-url "^2.6.0"
    socks "^2.7.1"
  optionalDependencies:
    "@mongodb-js/saslprep" "^1.1.0"

mongodb@6.1.0:
  version "6.1.0"
  resolved "https://registry.yarnpkg.com/mongodb/-/mongodb-6.1.0.tgz#5144bee74d50746f7b0ed68dbb974f31e1b40900"
  integrity sha512-AvzNY0zMkpothZ5mJAaIo2bGDjlJQqqAbn9fvtVgwIIUPEfdrqGxqNjjbuKyrgQxg2EvCmfWdjq+4uj96c0YPw==
  dependencies:
    "@mongodb-js/saslprep" "^1.1.0"
    bson "^6.1.0"
    mongodb-connection-string-url "^2.6.0"

mongoose@^7.6.2:
  version "7.6.13"
  resolved "https://registry.yarnpkg.com/mongoose/-/mongoose-7.6.13.tgz#d215c008da1e081e56aacab1cca5912b8a3d418f"
  integrity sha512-2pFFgdP5tsXUz15odMKSvlnkEfzp1dKEd3Zs50xegCg0eRlANt6irW5RrF+HLHKoS5cwGZqUjUqgxJ50wWAReA==
  dependencies:
    bson "^5.5.0"
    kareem "2.5.1"
    mongodb "5.9.2"
    mpath "0.9.0"
    mquery "5.0.0"
    ms "2.1.3"
    sift "16.0.1"

mpath@0.9.0:
  version "0.9.0"
  resolved "https://registry.yarnpkg.com/mpath/-/mpath-0.9.0.tgz#0c122fe107846e31fc58c75b09c35514b3871904"
  integrity sha512-ikJRQTk8hw5DEoFVxHG1Gn9T/xcjtdnOKIU1JTmGjZZlg9LST2mBLmcX3/ICIbgJydT2GOc15RnNy5mHmzfSew==

mquery@5.0.0:
  version "5.0.0"
  resolved "https://registry.yarnpkg.com/mquery/-/mquery-5.0.0.tgz#a95be5dfc610b23862df34a47d3e5d60e110695d"
  integrity sha512-iQMncpmEK8R8ncT8HJGsGc9Dsp8xcgYMVSbs5jgnm1lFHTZqMJTUWTDx1LBO8+mK3tPNZWFLBghQEIOULSTHZg==
  dependencies:
    debug "4.x"

ms@2.1.2:
  version "2.1.2"
  resolved "https://registry.yarnpkg.com/ms/-/ms-2.1.2.tgz#d09d1f357b443f493382a8eb3ccd183872ae6009"
  integrity sha512-sGkPx+VjMtmA6MX27oA4FBFELFCZZ4S4XqeGOXCv68tT+jb3vk/RyaKWP0PTKyWtmLSM0b+adUTEvbs1PEaH2w==

ms@2.1.3:
  version "2.1.3"
  resolved "https://registry.yarnpkg.com/ms/-/ms-2.1.3.tgz#574c8138ce1d2b5861f0b44579dbadd60c6615b2"
  integrity sha512-6FlzubTLZG3J2a/NVCAleEhjzq5oxgHyaCU9yYXvcLsvoVaHJq/s5xXI6/XXP6tz7R9xAOtHnSO/tXtF3WRTlA==

punycode@^2.1.1:
  version "2.3.1"
  resolved "https://registry.yarnpkg.com/punycode/-/punycode-2.3.1.tgz#027422e2faec0b25e1549c3e1bd8309b9133b6e5"
  integrity sha512-vYt7UD1U9Wg6138shLtLOvdAu+8DsC/ilFtEVHcH+wydcSpNE20AfSOduf6MkRFahL5FY7X1oU7nKVZFtfq8Fg==

sift@16.0.1:
  version "16.0.1"
  resolved "https://registry.yarnpkg.com/sift/-/sift-16.0.1.tgz#e9c2ccc72191585008cf3e36fc447b2d2633a053"
  integrity sha512-Wv6BjQ5zbhW7VFefWusVP33T/EM0vYikCaQ2qR8yULbsilAT8/wQaXvuQ3ptGLpoKx+lihJE3y2UTgKDyyNHZQ==

smart-buffer@^4.2.0:
  version "4.2.0"
  resolved "https://registry.yarnpkg.com/smart-buffer/-/smart-buffer-4.2.0.tgz#6e1d71fa4f18c05f7d0ff216dd16a481d0e8d9ae"
  integrity sha512-94hK0Hh8rPqQl2xXc3HsaBoOXKV20MToPkcXvwbISWLEs+64sBq5kFgn2kJDHb1Pry9yrP0dxrCI9RRci7RXKg==

socks@^2.7.1:
  version "2.8.3"
  resolved "https://registry.yarnpkg.com/socks/-/socks-2.8.3.tgz#1ebd0f09c52ba95a09750afe3f3f9f724a800cb5"
  integrity sha512-l5x7VUUWbjVFbafGLxPWkYsHIhEvmF85tbIeFZWc8ZPtoMyybuEhL7Jye/ooC4/d48FgOjSJXgsF/AJPYCW8Zw==
  dependencies:
    ip-address "^9.0.5"
    smart-buffer "^4.2.0"

sparse-bitfield@^3.0.3:
  version "3.0.3"
  resolved "https://registry.yarnpkg.com/sparse-bitfield/-/sparse-bitfield-3.0.3.tgz#ff4ae6e68656056ba4b3e792ab3334d38273ca11"
  integrity sha512-kvzhi7vqKTfkh0PZU+2D2PIllw2ymqJKujUcyPMd9Y75Nv4nPbGJZXNhxsgdQab2BmlDct1YnfQCguEvHr7VsQ==
  dependencies:
    memory-pager "^1.0.2"

sprintf-js@^1.1.3:
  version "1.1.3"
  resolved "https://registry.yarnpkg.com/sprintf-js/-/sprintf-js-1.1.3.tgz#4914b903a2f8b685d17fdf78a70e917e872e444a"
  integrity sha512-Oo+0REFV59/rz3gfJNKQiBlwfHaSESl1pcGyABQsnnIfWOFt6JNj5gCog2U6MLZ//IGYD+nA8nI+mTShREReaA==

tr46@^3.0.0:
  version "3.0.0"
  resolved "https://registry.yarnpkg.com/tr46/-/tr46-3.0.0.tgz#555c4e297a950617e8eeddef633c87d4d9d6cbf9"
  integrity sha512-l7FvfAHlcmulp8kr+flpQZmVwtu7nfRV7NZujtN0OqES8EL4O4e0qqzL0DC5gAvx/ZC/9lk6rhcUwYvkBnBnYA==
  dependencies:
    punycode "^2.1.1"

undici-types@~5.26.4:
  version "5.26.5"
  resolved "https://registry.yarnpkg.com/undici-types/-/undici-types-5.26.5.tgz#bcd539893d00b56e964fd2657a4866b221a65617"
  integrity sha512-JlCMO+ehdEIKqlFxk6IfVoAUVmgz7cU7zD/h9XZ0qzeosSHmUJVOzSQvvYSYWXkFXC+IfLKSIffhv0sVZup6pA==

webidl-conversions@^7.0.0:
  version "7.0.0"
  resolved "https://registry.yarnpkg.com/webidl-conversions/-/webidl-conversions-7.0.0.tgz#256b4e1882be7debbf01d05f0aa2039778ea080a"
  integrity sha512-VwddBukDzu71offAQR975unBIGqfKZpM+8ZX6ySk8nYhVoo5CYaZyzt3YBvYtRtO+aoGlqxPg/B87NGVZ/fu6g==

whatwg-url@^11.0.0:
  version "11.0.0"
  resolved "https://registry.yarnpkg.com/whatwg-url/-/whatwg-url-11.0.0.tgz#0a849eebb5faf2119b901bb76fd795c2848d4018"
  integrity sha512-RKT8HExMpoYx4igMiVMY83lN6UeITKJlBQ+vR/8ZJ8OCdSiN3RwCq+9gH0+Xzj0+5IrM6i4j/6LuvzbZIQgEcQ==
  dependencies:
    tr46 "^3.0.0"
    webidl-conversions "^7.0.0"
